
Microsoft Visual Studio Solution File, Format Version 12.00
# Visual Studio Version 17
VisualStudioVersion = 17.10.35027.167
MinimumVisualStudioVersion = 10.0.40219.1
Project("{FAE04EC0-301F-11D3-BF4B-00C04F79EFBC}") = "MyYoutubeDownloader", "MyYoutubeDownloader.csproj", "{BE6276A7-3DFC-4FF5-A0C1-7AB1C943E7D1}"
EndProject
Global
	GlobalSection(SolutionConfigurationPlatforms) = preSolution
		Debug|Any CPU = Debug|Any CPU
		Release|Any CPU = Release|Any CPU
	EndGlobalSection
	GlobalSection(ProjectConfigurationPlatforms) = postSolution
		{BE6276A7-3DFC-4FF5-A0C1-7AB1C943E7D1}.Debug|Any CPU.ActiveCfg = Debug|Any CPU
		{BE6276A7-3DFC-4FF5-A0C1-7AB1C943E7D1}.Debug|Any CPU.Build.0 = Debug|Any CPU
		{BE6276A7-3DFC-4FF5-A0C1-7AB1C943E7D1}.Release|Any CPU.ActiveCfg = Release|Any CPU
		{BE6276A7-3DFC-4FF5-A0C1-7AB1C943E7D1}.Release|Any CPU.Build.0 = Release|Any CPU
	EndGlobalSection
	GlobalSection(SolutionProperties) = preSolution
		HideSolutionNode = FALSE
	EndGlobalSection
	GlobalSection(ExtensibilityGlobals) = postSolution
		SolutionGuid = {27EE0B96-2DFE-41DF-A8AB-4A8E4D322254}
	EndGlobalSection
EndGlobal
